
Microsoft Visual Studio Solution File, Format Version 12.00
# Visual Studio 2015
Project("{FAE04EC0-301F-11D3-BF4B-00C04F79EFBC}") = "NoDate", "NoDate.csproj", "{EF8BEB58-7EB6-E0BC-B77E-1894C58034B7}"
EndProject
Project("{FAE04EC0-301F-11D3-BF4B-00C04F79EFBC}") = "NoDate.Editor", "NoDate.Editor.csproj", "{071EF2E3-DF4D-A2CB-F95B-F53B00777FDD}"
EndProject
Global
	GlobalSection(SolutionConfigurationPlatforms) = preSolution
		Debug|Any CPU = Debug|Any CPU
		Release|Any CPU = Release|Any CPU
	EndGlobalSection
	GlobalSection(ProjectConfigurationPlatforms) = postSolution
		{EF8BEB58-7EB6-E0BC-B77E-1894C58034B7}.Debug|Any CPU.ActiveCfg = Debug|Any CPU
		{EF8BEB58-7EB6-E0BC-B77E-1894C58034B7}.Debug|Any CPU.Build.0 = Debug|Any CPU
		{EF8BEB58-7EB6-E0BC-B77E-1894C58034B7}.Release|Any CPU.ActiveCfg = Release|Any CPU
		{EF8BEB58-7EB6-E0BC-B77E-1894C58034B7}.Release|Any CPU.Build.0 = Release|Any CPU
		{071EF2E3-DF4D-A2CB-F95B-F53B00777FDD}.Debug|Any CPU.ActiveCfg = Debug|Any CPU
		{071EF2E3-DF4D-A2CB-F95B-F53B00777FDD}.Debug|Any CPU.Build.0 = Debug|Any CPU
		{071EF2E3-DF4D-A2CB-F95B-F53B00777FDD}.Release|Any CPU.ActiveCfg = Release|Any CPU
		{071EF2E3-DF4D-A2CB-F95B-F53B00777FDD}.Release|Any CPU.Build.0 = Release|Any CPU
	EndGlobalSection
	GlobalSection(SolutionProperties) = preSolution
		HideSolutionNode = FALSE
	EndGlobalSection
EndGlobal
